
Microsoft Visual Studio Solution File, Format Version 12.00
# Visual Studio Version 17
VisualStudioVersion = 17.13.35825.156 d17.13
MinimumVisualStudioVersion = 10.0.40219.1
Project("{54A90642-561A-4BB1-A94E-469ADEE60C69}") = "portfoliosite.client", "portfoliosite.client\portfoliosite.client.esproj", "{C8DA3CC3-6E25-986D-4E8F-BF1391895BEE}"
EndProject
Project("{FAE04EC0-301F-11D3-BF4B-00C04F79EFBC}") = "PortfolioSite.Server", "PortfolioSite.Server\PortfolioSite.Server.csproj", "{874EBAE9-EE74-4B15-BA7E-8D3335451549}"
EndProject
Global
	GlobalSection(SolutionConfigurationPlatforms) = preSolution
		Debug|Any CPU = Debug|Any CPU
		Release|Any CPU = Release|Any CPU
	EndGlobalSection
	GlobalSection(ProjectConfigurationPlatforms) = postSolution
		{C8DA3CC3-6E25-986D-4E8F-BF1391895BEE}.Debug|Any CPU.ActiveCfg = Debug|Any CPU
		{C8DA3CC3-6E25-986D-4E8F-BF1391895BEE}.Debug|Any CPU.Build.0 = Debug|Any CPU
		{C8DA3CC3-6E25-986D-4E8F-BF1391895BEE}.Debug|Any CPU.Deploy.0 = Debug|Any CPU
		{C8DA3CC3-6E25-986D-4E8F-BF1391895BEE}.Release|Any CPU.ActiveCfg = Release|Any CPU
		{C8DA3CC3-6E25-986D-4E8F-BF1391895BEE}.Release|Any CPU.Build.0 = Release|Any CPU
		{C8DA3CC3-6E25-986D-4E8F-BF1391895BEE}.Release|Any CPU.Deploy.0 = Release|Any CPU
		{874EBAE9-EE74-4B15-BA7E-8D3335451549}.Debug|Any CPU.ActiveCfg = Debug|Any CPU
		{874EBAE9-EE74-4B15-BA7E-8D3335451549}.Debug|Any CPU.Build.0 = Debug|Any CPU
		{874EBAE9-EE74-4B15-BA7E-8D3335451549}.Release|Any CPU.ActiveCfg = Release|Any CPU
		{874EBAE9-EE74-4B15-BA7E-8D3335451549}.Release|Any CPU.Build.0 = Release|Any CPU
	EndGlobalSection
	GlobalSection(SolutionProperties) = preSolution
		HideSolutionNode = FALSE
	EndGlobalSection
	GlobalSection(ExtensibilityGlobals) = postSolution
		SolutionGuid = {56B89093-FE67-4346-BA72-A94FFAD82634}
	EndGlobalSection
EndGlobal
