
Microsoft Visual Studio Solution File, Format Version 12.00
# Visual Studio Version 17
VisualStudioVersion = 17.5.33516.290
MinimumVisualStudioVersion = 10.0.40219.1
Project("{8BC9CEB8-8B4A-11D0-8D11-00A0C91BC942}") = "DA_WEBSITE", "DA_WEBSITE\DA_WEBSITE.vcxproj", "{E6D897CA-E5F3-4F52-A0AD-76D7161C43C7}"
EndProject
Global
	GlobalSection(SolutionConfigurationPlatforms) = preSolution
		Debug|x64 = Debug|x64
		Debug|x86 = Debug|x86
		Release|x64 = Release|x64
		Release|x86 = Release|x86
	EndGlobalSection
	GlobalSection(ProjectConfigurationPlatforms) = postSolution
		{E6D897CA-E5F3-4F52-A0AD-76D7161C43C7}.Debug|x64.ActiveCfg = Debug|x64
		{E6D897CA-E5F3-4F52-A0AD-76D7161C43C7}.Debug|x64.Build.0 = Debug|x64
		{E6D897CA-E5F3-4F52-A0AD-76D7161C43C7}.Debug|x86.ActiveCfg = Debug|Win32
		{E6D897CA-E5F3-4F52-A0AD-76D7161C43C7}.Debug|x86.Build.0 = Debug|Win32
		{E6D897CA-E5F3-4F52-A0AD-76D7161C43C7}.Release|x64.ActiveCfg = Release|x64
		{E6D897CA-E5F3-4F52-A0AD-76D7161C43C7}.Release|x64.Build.0 = Release|x64
		{E6D897CA-E5F3-4F52-A0AD-76D7161C43C7}.Release|x86.ActiveCfg = Release|Win32
		{E6D897CA-E5F3-4F52-A0AD-76D7161C43C7}.Release|x86.Build.0 = Release|Win32
	EndGlobalSection
	GlobalSection(SolutionProperties) = preSolution
		HideSolutionNode = FALSE
	EndGlobalSection
	GlobalSection(ExtensibilityGlobals) = postSolution
		SolutionGuid = {5C309CAB-4D6D-48FF-91A6-14A558BBBEF2}
	EndGlobalSection
EndGlobal
